<Solution>
  <Project Path="../../../../../../../../Work/Private Projects/bluebridge-voluntier-umbraco-version/Blue Bridge Voluntier/Code/Code.csproj" />
  <Project Path="../../../../../../../../Work/Private Projects/bluebridge-voluntier-umbraco-version/Blue Bridge Voluntier/Web/Web.csproj" />
</Solution>
